
Microsoft Visual Studio Solution File, Format Version 12.00
# Visual Studio Version 17
VisualStudioVersion = 17.11.35312.102
MinimumVisualStudioVersion = 10.0.40219.1
Project("{FAE04EC0-301F-11D3-BF4B-00C04F79EFBC}") = "TeleprompterApp", "TeleprompterApp\TeleprompterApp.csproj", "{4AE657AA-482C-4C8F-8FFA-5BA507111C66}"
EndProject
Global
	GlobalSection(SolutionConfigurationPlatforms) = preSolution
		Debug|Any CPU = Debug|Any CPU
		Release|Any CPU = Release|Any CPU
	EndGlobalSection
	GlobalSection(ProjectConfigurationPlatforms) = postSolution
		{4AE657AA-482C-4C8F-8FFA-5BA507111C66}.Debug|Any CPU.ActiveCfg = Debug|Any CPU
		{4AE657AA-482C-4C8F-8FFA-5BA507111C66}.Debug|Any CPU.Build.0 = Debug|Any CPU
		{4AE657AA-482C-4C8F-8FFA-5BA507111C66}.Release|Any CPU.ActiveCfg = Release|Any CPU
		{4AE657AA-482C-4C8F-8FFA-5BA507111C66}.Release|Any CPU.Build.0 = Release|Any CPU
	EndGlobalSection
	GlobalSection(SolutionProperties) = preSolution
		HideSolutionNode = FALSE
	EndGlobalSection
	GlobalSection(ExtensibilityGlobals) = postSolution
		SolutionGuid = {E3C8A49F-0EF9-42CF-AAAA-FCF6CFD695FD}
	EndGlobalSection
EndGlobal
